# This file is automatically @generated by Cargo.
# It is not intended for manual editing.
version = 3

[[package]]
name = "adler"
version = "1.0.2"
source = "registry+https://github.com/rust-lang/crates.io-index"
checksum = "f26201604c87b1e01bd3d98f8d5d9a8fcbb815e8cedb41ffccbeb4bf593a35fe"

[[package]]
name = "aho-corasick"
version = "1.1.2"
source = "registry+https://github.com/rust-lang/crates.io-index"
checksum = "b2969dcb958b36655471fc61f7e416fa76033bdd4bfed0678d8fee1e2d07a1f0"
dependencies = [
 "memchr",
]

[[package]]
name = "android-tzdata"
version = "0.1.1"
source = "registry+https://github.com/rust-lang/crates.io-index"
checksum = "e999941b234f3131b00bc13c22d06e8c5ff726d1b6318ac7eb276997bbb4fef0"

[[package]]
name = "android_system_properties"
version = "0.1.5"
source = "registry+https://github.com/rust-lang/crates.io-index"
checksum = "819e7219dbd41043ac279b19830f2efc897156490d7fd6ea916720117ee66311"
dependencies = [
 "libc",
]

[[package]]
name = "anstream"
version = "0.3.2"
source = "registry+https://github.com/rust-lang/crates.io-index"
checksum = "0ca84f3628370c59db74ee214b3263d58f9aadd9b4fe7e711fd87dc452b7f163"
dependencies = [
 "anstyle",
 "anstyle-parse",
 "anstyle-query",
 "anstyle-wincon",
 "colorchoice",
 "is-terminal",
 "utf8parse",
]

[[package]]
name = "anstyle"
version = "1.0.6"
source = "registry+https://github.com/rust-lang/crates.io-index"
checksum = "8901269c6307e8d93993578286ac0edf7f195079ffff5ebdeea6a59ffb7e36bc"

[[package]]
name = "anstyle-parse"
version = "0.2.3"
source = "registry+https://github.com/rust-lang/crates.io-index"
checksum = "c75ac65da39e5fe5ab759307499ddad880d724eed2f6ce5b5e8a26f4f387928c"
dependencies = [
 "utf8parse",
]

[[package]]
name = "anstyle-query"
version = "1.0.2"
source = "registry+https://github.com/rust-lang/crates.io-index"
checksum = "e28923312444cdd728e4738b3f9c9cac739500909bb3d3c94b43551b16517648"
dependencies = [
 "windows-sys 0.52.0",
]

[[package]]
name = "anstyle-wincon"
version = "1.0.2"
source = "registry+https://github.com/rust-lang/crates.io-index"
checksum = "c677ab05e09154296dd37acecd46420c17b9713e8366facafa8fc0885167cf4c"
dependencies = [
 "anstyle",
 "windows-sys 0.48.0",
]

[[package]]
name = "askama"
version = "0.12.1"
source = "registry+https://github.com/rust-lang/crates.io-index"
checksum = "b79091df18a97caea757e28cd2d5fda49c6cd4bd01ddffd7ff01ace0c0ad2c28"
dependencies = [
 "askama_derive",
 "askama_escape",
 "humansize",
 "num-traits",
 "percent-encoding",
 "serde",
 "serde_json",
]

[[package]]
name = "askama_derive"
version = "0.12.2"
source = "registry+https://github.com/rust-lang/crates.io-index"
checksum = "9a0fc7dcf8bd4ead96b1d36b41df47c14beedf7b0301fc543d8f2384e66a2ec0"
dependencies = [
 "askama_parser",
 "basic-toml",
 "mime",
 "mime_guess",
 "proc-macro2",
 "quote",
 "serde",
 "syn 2.0.87",
]

[[package]]
name = "askama_escape"
version = "0.10.3"
source = "registry+https://github.com/rust-lang/crates.io-index"
checksum = "619743e34b5ba4e9703bba34deac3427c72507c7159f5fd030aea8cac0cfe341"

[[package]]
name = "askama_parser"
version = "0.1.1"
source = "registry+https://github.com/rust-lang/crates.io-index"
checksum = "c268a96e01a4c47c8c5c2472aaa570707e006a875ea63e819f75474ceedaf7b4"
dependencies = [
 "nom",
]

[[package]]
name = "autocfg"
version = "1.1.0"
source = "registry+https://github.com/rust-lang/crates.io-index"
checksum = "d468802bab17cbc0cc575e9b053f41e72aa36bfa6b7f55e3529ffa43161b97fa"

[[package]]
name = "base64"
version = "0.13.1"
source = "registry+https://github.com/rust-lang/crates.io-index"
checksum = "9e1b586273c5702936fe7b7d6896644d8be71e6314cfe09d3167c95f712589e8"

[[package]]
name = "basic-toml"
version = "0.1.4"
source = "registry+https://github.com/rust-lang/crates.io-index"
checksum = "7bfc506e7a2370ec239e1d072507b2a80c833083699d3c6fa176fbb4de8448c6"
dependencies = [
 "serde",
]

[[package]]
name = "bitflags"
version = "2.5.0"
source = "registry+https://github.com/rust-lang/crates.io-index"
checksum = "cf4b9d6a944f767f8e5e0db018570623c85f3d925ac718db4e06d0187adb21c1"

[[package]]
name = "bumpalo"
version = "3.14.0"
source = "registry+https://github.com/rust-lang/crates.io-index"
checksum = "7f30e7476521f6f8af1a1c4c0b8cc94f0bee37d91763d0ca2665f299b6cd8aec"

[[package]]
name = "byteorder"
version = "1.5.0"
source = "registry+https://github.com/rust-lang/crates.io-index"
checksum = "1fd0f2584146f6f2ef48085050886acf353beff7305ebd1ae69500e27c67f64b"

[[package]]
name = "bzip2"
version = "0.4.4"
source = "registry+https://github.com/rust-lang/crates.io-index"
checksum = "bdb116a6ef3f6c3698828873ad02c3014b3c85cadb88496095628e3ef1e347f8"
dependencies = [
 "bzip2-sys",
 "libc",
]

[[package]]
name = "bzip2-sys"
version = "0.1.11+1.0.8"
source = "registry+https://github.com/rust-lang/crates.io-index"
checksum = "736a955f3fa7875102d57c82b8cac37ec45224a07fd32d58f9f7a186b6cd4cdc"
dependencies = [
 "cc",
 "libc",
 "pkg-config",
]

[[package]]
name = "cc"
version = "1.0.83"
source = "registry+https://github.com/rust-lang/crates.io-index"
checksum = "f1174fb0b6ec23863f8b971027804a42614e347eafb0a95bf0b12cdae21fc4d0"
dependencies = [
 "libc",
]

[[package]]
name = "cfg-if"
version = "1.0.0"
source = "registry+https://github.com/rust-lang/crates.io-index"
checksum = "baf1de4339761588bc0619e3cbc0120ee582ebb74b53b4efbf79117bd2da40fd"

[[package]]
name = "chrono"
version = "0.4.39"
source = "registry+https://github.com/rust-lang/crates.io-index"
checksum = "7e36cc9d416881d2e24f9a963be5fb1cd90966419ac844274161d10488b3e825"
dependencies = [
 "android-tzdata",
 "iana-time-zone",
 "js-sys",
 "num-traits",
 "serde",
 "wasm-bindgen",
 "windows-targets 0.52.6",
]

[[package]]
name = "clap"
version = "4.3.24"
source = "registry+https://github.com/rust-lang/crates.io-index"
checksum = "fb690e81c7840c0d7aade59f242ea3b41b9bc27bcd5997890e7702ae4b32e487"
dependencies = [
 "clap_builder",
 "clap_derive",
 "once_cell",
]

[[package]]
name = "clap_builder"
version = "4.3.24"
source = "registry+https://github.com/rust-lang/crates.io-index"
checksum = "5ed2e96bc16d8d740f6f48d663eddf4b8a0983e79210fd55479b7bcd0a69860e"
dependencies = [
 "anstream",
 "anstyle",
 "clap_lex",
 "strsim",
]

[[package]]
name = "clap_derive"
version = "4.3.12"
source = "registry+https://github.com/rust-lang/crates.io-index"
checksum = "54a9bb5758fc5dfe728d1019941681eccaf0cf8a4189b692a0ee2f2ecf90a050"
dependencies = [
 "heck",
 "proc-macro2",
 "quote",
 "syn 2.0.87",
]

[[package]]
name = "clap_lex"
version = "0.5.1"
source = "registry+https://github.com/rust-lang/crates.io-index"
checksum = "cd7cc57abe963c6d3b9d8be5b06ba7c8957a930305ca90304f24ef040aa6f961"

[[package]]
name = "colorchoice"
version = "1.0.0"
source = "registry+https://github.com/rust-lang/crates.io-index"
checksum = "acbf1af155f9b9ef647e42cdc158db4b64a1b61f743629225fde6f3e0be2a7c7"

[[package]]
name = "console"
version = "0.15.10"
source = "registry+https://github.com/rust-lang/crates.io-index"
checksum = "ea3c6ecd8059b57859df5c69830340ed3c41d30e3da0c1cbed90a96ac853041b"
dependencies = [
 "encode_unicode",
 "libc",
 "once_cell",
 "unicode-width 0.2.0",
 "windows-sys 0.59.0",
]

[[package]]
name = "core-foundation-sys"
version = "0.8.4"
source = "registry+https://github.com/rust-lang/crates.io-index"
checksum = "e496a50fda8aacccc86d7529e2c1e0892dbd0f898a6b5645b5561b89c3210efa"

[[package]]
name = "crc32fast"
version = "1.4.0"
source = "registry+https://github.com/rust-lang/crates.io-index"
checksum = "b3855a8a784b474f333699ef2bbca9db2c4a1f6d9088a90a2d25b1eb53111eaa"
dependencies = [
 "cfg-if",
]

[[package]]
name = "crossbeam-deque"
version = "0.8.3"
source = "registry+https://github.com/rust-lang/crates.io-index"
checksum = "ce6fd6f855243022dcecf8702fef0c297d4338e226845fe067f6341ad9fa0cef"
dependencies = [
 "cfg-if",
 "crossbeam-epoch",
 "crossbeam-utils",
]

[[package]]
name = "crossbeam-epoch"
version = "0.9.15"
source = "registry+https://github.com/rust-lang/crates.io-index"
checksum = "ae211234986c545741a7dc064309f67ee1e5ad243d0e48335adc0484d960bcc7"
dependencies = [
 "autocfg",
 "cfg-if",
 "crossbeam-utils",
 "memoffset",
 "scopeguard",
]

[[package]]
name = "crossbeam-utils"
version = "0.8.16"
source = "registry+https://github.com/rust-lang/crates.io-index"
checksum = "5a22b2d63d4d1dc0b7f1b6b2747dd0088008a9be28b6ddf0b1e7d335e3037294"
dependencies = [
 "cfg-if",
]

[[package]]
name = "darling"
version = "0.14.4"
source = "registry+https://github.com/rust-lang/crates.io-index"
checksum = "7b750cb3417fd1b327431a470f388520309479ab0bf5e323505daf0290cd3850"
dependencies = [
 "darling_core 0.14.4",
 "darling_macro 0.14.4",
]

[[package]]
name = "darling"
version = "0.20.3"
source = "registry+https://github.com/rust-lang/crates.io-index"
checksum = "0209d94da627ab5605dcccf08bb18afa5009cfbef48d8a8b7d7bdbc79be25c5e"
dependencies = [
 "darling_core 0.20.3",
 "darling_macro 0.20.3",
]

[[package]]
name = "darling_core"
version = "0.14.4"
source = "registry+https://github.com/rust-lang/crates.io-index"
checksum = "109c1ca6e6b7f82cc233a97004ea8ed7ca123a9af07a8230878fcfda9b158bf0"
dependencies = [
 "fnv",
 "ident_case",
 "proc-macro2",
 "quote",
 "strsim",
 "syn 1.0.109",
]

[[package]]
name = "darling_core"
version = "0.20.3"
source = "registry+https://github.com/rust-lang/crates.io-index"
checksum = "177e3443818124b357d8e76f53be906d60937f0d3a90773a664fa63fa253e621"
dependencies = [
 "fnv",
 "ident_case",
 "proc-macro2",
 "quote",
 "strsim",
 "syn 2.0.87",
]

[[package]]
name = "darling_macro"
version = "0.14.4"
source = "registry+https://github.com/rust-lang/crates.io-index"
checksum = "a4aab4dbc9f7611d8b55048a3a16d2d010c2c8334e46304b40ac1cc14bf3b48e"
dependencies = [
 "darling_core 0.14.4",
 "quote",
 "syn 1.0.109",
]

[[package]]
name = "darling_macro"
version = "0.20.3"
source = "registry+https://github.com/rust-lang/crates.io-index"
checksum = "836a9bbc7ad63342d6d6e7b815ccab164bc77a2d95d84bc3117a8c0d5c98e2d5"
dependencies = [
 "darling_core 0.20.3",
 "quote",
 "syn 2.0.87",
]

[[package]]
name = "deranged"
version = "0.3.8"
source = "registry+https://github.com/rust-lang/crates.io-index"
checksum = "f2696e8a945f658fd14dc3b87242e6b80cd0f36ff04ea560fa39082368847946"
dependencies = [
 "serde",
]

[[package]]
name = "directories"
version = "4.0.1"
source = "registry+https://github.com/rust-lang/crates.io-index"
checksum = "f51c5d4ddabd36886dd3e1438cb358cdcb0d7c499cb99cb4ac2e38e18b5cb210"
dependencies = [
 "dirs-sys",
]

[[package]]
name = "dirs-sys"
version = "0.3.7"
source = "registry+https://github.com/rust-lang/crates.io-index"
checksum = "1b1d1d91c932ef41c0f2663aa8b0ca0342d444d842c06914aa0a7e352d0bada6"
dependencies = [
 "libc",
 "redox_users",
 "winapi",
]

[[package]]
name = "dunce"
version = "1.0.4"
source = "registry+https://github.com/rust-lang/crates.io-index"
checksum = "56ce8c6da7551ec6c462cbaf3bfbc75131ebbfa1c944aeaa9dab51ca1c5f0c3b"

[[package]]
name = "dyn-clone"
version = "1.0.14"
source = "registry+https://github.com/rust-lang/crates.io-index"
checksum = "23d2f3407d9a573d666de4b5bdf10569d73ca9478087346697dcbae6244bfbcd"

[[package]]
name = "either"
version = "1.9.0"
source = "registry+https://github.com/rust-lang/crates.io-index"
checksum = "a26ae43d7bcc3b814de94796a5e736d4029efb0ee900c12e2d54c993ad1a1e07"

[[package]]
name = "encode_unicode"
version = "1.0.0"
source = "registry+https://github.com/rust-lang/crates.io-index"
checksum = "34aa73646ffb006b8f5147f3dc182bd4bcb190227ce861fc4a4844bf8e3cb2c0"

[[package]]
name = "erased-serde"
version = "0.3.31"
source = "registry+https://github.com/rust-lang/crates.io-index"
checksum = "6c138974f9d5e7fe373eb04df7cae98833802ae4b11c24ac7039a21d5af4b26c"
dependencies = [
 "serde",
]

[[package]]
name = "flate2"
version = "1.0.28"
source = "registry+https://github.com/rust-lang/crates.io-index"
checksum = "46303f565772937ffe1d394a4fac6f411c6013172fadde9dcdb1e147a086940e"
dependencies = [
 "crc32fast",
 "miniz_oxide",
]

[[package]]
name = "fnv"
version = "1.0.7"
source = "registry+https://github.com/rust-lang/crates.io-index"
checksum = "3f9eec918d3f24069decb9af1554cad7c880e2da24a9afd88aca000531ab82c1"

[[package]]
name = "getopts"
version = "0.2.21"
source = "registry+https://github.com/rust-lang/crates.io-index"
checksum = "14dbbfd5c71d70241ecf9e6f13737f7b5ce823821063188d7e46c41d371eebd5"
dependencies = [
 "unicode-width 0.1.11",
]

[[package]]
name = "getrandom"
version = "0.2.10"
source = "registry+https://github.com/rust-lang/crates.io-index"
checksum = "be4136b2a15dd319360be1c07d9933517ccf0be8f16bf62a3bee4f0d618df427"
dependencies = [
 "cfg-if",
 "libc",
 "wasi 0.11.0+wasi-snapshot-preview1",
]

[[package]]
name = "hashbrown"
version = "0.12.3"
source = "registry+https://github.com/rust-lang/crates.io-index"
checksum = "8a9ee70c43aaf417c914396645a0fa852624801b24ebb7ae78fe8272889ac888"

[[package]]
name = "heck"
version = "0.4.1"
source = "registry+https://github.com/rust-lang/crates.io-index"
checksum = "95505c38b4572b2d910cecb0281560f54b440a19336cbbcb27bf6ce6adc6f5a8"

[[package]]
name = "hermit-abi"
version = "0.3.9"
source = "registry+https://github.com/rust-lang/crates.io-index"
checksum = "d231dfb89cfffdbc30e7fc41579ed6066ad03abda9e567ccafae602b97ec5024"

[[package]]
name = "hex"
version = "0.4.3"
source = "registry+https://github.com/rust-lang/crates.io-index"
checksum = "7f24254aa9a54b5c858eaee2f5bccdb46aaf0e486a595ed5fd8f86ba55232a70"

[[package]]
name = "humansize"
version = "2.1.3"
source = "registry+https://github.com/rust-lang/crates.io-index"
checksum = "6cb51c9a029ddc91b07a787f1d86b53ccfa49b0e86688c946ebe8d3555685dd7"
dependencies = [
 "libm",
]

[[package]]
name = "iana-time-zone"
version = "0.1.57"
source = "registry+https://github.com/rust-lang/crates.io-index"
checksum = "2fad5b825842d2b38bd206f3e81d6957625fd7f0a361e345c30e01a0ae2dd613"
dependencies = [
 "android_system_properties",
 "core-foundation-sys",
 "iana-time-zone-haiku",
 "js-sys",
 "wasm-bindgen",
 "windows",
]

[[package]]
name = "iana-time-zone-haiku"
version = "0.1.2"
source = "registry+https://github.com/rust-lang/crates.io-index"
checksum = "f31827a206f56af32e590ba56d5d2d085f558508192593743f16b2306495269f"
dependencies = [
 "cc",
]

[[package]]
name = "ident_case"
version = "1.0.1"
source = "registry+https://github.com/rust-lang/crates.io-index"
checksum = "b9e0384b61958566e926dc50660321d12159025e767c18e043daf26b70104c39"

[[package]]
name = "indexmap"
version = "1.9.3"
source = "registry+https://github.com/rust-lang/crates.io-index"
checksum = "bd070e393353796e801d209ad339e89596eb4c8d430d18ede6a1cced8fafbd99"
dependencies = [
 "autocfg",
 "hashbrown",
 "serde",
]

[[package]]
name = "indicatif"
version = "0.17.11"
source = "registry+https://github.com/rust-lang/crates.io-index"
checksum = "183b3088984b400f4cfac3620d5e076c84da5364016b4f49473de574b2586235"
dependencies = [
 "console",
 "number_prefix",
 "portable-atomic",
 "unicode-width 0.2.0",
 "web-time",
]

[[package]]
name = "ipnetwork"
version = "0.20.0"
source = "registry+https://github.com/rust-lang/crates.io-index"
checksum = "bf466541e9d546596ee94f9f69590f89473455f88372423e0008fc1a7daf100e"
dependencies = [
 "serde",
]

[[package]]
name = "is-terminal"
version = "0.4.12"
source = "registry+https://github.com/rust-lang/crates.io-index"
checksum = "f23ff5ef2b80d608d61efee834934d862cd92461afc0560dedf493e4c033738b"
dependencies = [
 "hermit-abi",
 "libc",
 "windows-sys 0.52.0",
]

[[package]]
name = "itoa"
version = "1.0.9"
source = "registry+https://github.com/rust-lang/crates.io-index"
checksum = "af150ab688ff2122fcef229be89cb50dd66af9e01a4ff320cc137eecc9bacc38"

[[package]]
name = "js-sys"
version = "0.3.64"
source = "registry+https://github.com/rust-lang/crates.io-index"
checksum = "c5f195fe497f702db0f318b07fdd68edb16955aed830df8363d837542f8f935a"
dependencies = [
 "wasm-bindgen",
]

[[package]]
name = "libc"
version = "0.2.148"
source = "registry+https://github.com/rust-lang/crates.io-index"
checksum = "9cdc71e17332e86d2e1d38c1f99edcb6288ee11b815fb1a4b049eaa2114d369b"

[[package]]
name = "libm"
version = "0.2.8"
source = "registry+https://github.com/rust-lang/crates.io-index"
checksum = "4ec2a862134d2a7d32d7983ddcdd1c4923530833c9f2ea1a44fc5fa473989058"

[[package]]
name = "libredox"
version = "0.1.3"
source = "registry+https://github.com/rust-lang/crates.io-index"
checksum = "c0ff37bd590ca25063e35af745c343cb7a0271906fb7b37e4813e8f79f00268d"
dependencies = [
 "bitflags",
 "libc",
]

[[package]]
name = "log"
version = "0.4.20"
source = "registry+https://github.com/rust-lang/crates.io-index"
checksum = "b5e6163cb8c49088c2c36f57875e58ccd8c87c7427f7fbd50ea6710b2f3f2e8f"

[[package]]
name = "maxminddb"
version = "0.24.0"
source = "registry+https://github.com/rust-lang/crates.io-index"
checksum = "d6087e5d8ea14861bb7c7f573afbc7be3798d3ef0fae87ec4fd9a4de9a127c3c"
dependencies = [
 "ipnetwork",
 "log",
 "memchr",
 "serde",
]

[[package]]
name = "memchr"
version = "2.6.4"
source = "registry+https://github.com/rust-lang/crates.io-index"
checksum = "f665ee40bc4a3c5590afb1e9677db74a508659dfd71e126420da8274909a0167"

[[package]]
name = "memoffset"
version = "0.9.0"
source = "registry+https://github.com/rust-lang/crates.io-index"
checksum = "5a634b1c61a95585bd15607c6ab0c4e5b226e695ff2800ba0cdccddf208c406c"
dependencies = [
 "autocfg",
]

[[package]]
name = "mime"
version = "0.3.17"
source = "registry+https://github.com/rust-lang/crates.io-index"
checksum = "6877bb514081ee2a7ff5ef9de3281f14a4dd4bceac4c09388074a6b5df8a139a"

[[package]]
name = "mime_guess"
version = "2.0.4"
source = "registry+https://github.com/rust-lang/crates.io-index"
checksum = "4192263c238a5f0d0c6bfd21f336a313a4ce1c450542449ca191bb657b4642ef"
dependencies = [
 "mime",
 "unicase",
]

[[package]]
name = "minimal-lexical"
version = "0.2.1"
source = "registry+https://github.com/rust-lang/crates.io-index"
checksum = "68354c5c6bd36d73ff3feceb05efa59b6acb7626617f4962be322a825e61f79a"

[[package]]
name = "miniz_oxide"
version = "0.7.2"
source = "registry+https://github.com/rust-lang/crates.io-index"
checksum = "9d811f3e15f28568be3407c8e7fdb6514c1cda3cb30683f15b6a1a1dc4ea14a7"
dependencies = [
 "adler",
]

[[package]]
name = "nom"
version = "7.1.3"
source = "registry+https://github.com/rust-lang/crates.io-index"
checksum = "d273983c5a657a70a3e8f2a01329822f3b8c8172b73826411a55751e404a0a4a"
dependencies = [
 "memchr",
 "minimal-lexical",
]

[[package]]
name = "num-traits"
version = "0.2.16"
source = "registry+https://github.com/rust-lang/crates.io-index"
checksum = "f30b0abd723be7e2ffca1272140fac1a2f084c77ec3e123c192b66af1ee9e6c2"
dependencies = [
 "autocfg",
]

[[package]]
name = "number_prefix"
version = "0.4.0"
source = "registry+https://github.com/rust-lang/crates.io-index"
checksum = "830b246a0e5f20af87141b25c173cd1b609bd7779a4617d6ec582abaf90870f3"

[[package]]
name = "ohpc-log-analyzer"
version = "1.0.5"
dependencies = [
 "chrono",
 "clap",
 "console",
 "getopts",
 "indicatif",
 "maxminddb",
 "plotly",
 "rayon",
 "regex",
 "serde",
 "serde_json",
]

[[package]]
name = "once_cell"
version = "1.18.0"
source = "registry+https://github.com/rust-lang/crates.io-index"
checksum = "dd8b5dd2ae5ed71462c540258bedcb51965123ad7e7ccf4b9a8cafaa4a63576d"

[[package]]
name = "percent-encoding"
version = "2.3.0"
source = "registry+https://github.com/rust-lang/crates.io-index"
checksum = "9b2a4787296e9989611394c33f193f676704af1686e70b8f8033ab5ba9a35a94"

[[package]]
name = "pkg-config"
version = "0.3.30"
source = "registry+https://github.com/rust-lang/crates.io-index"
checksum = "d231b230927b5e4ad203db57bbcbee2802f6bce620b1e4a9024a07d94e2907ec"

[[package]]
name = "plotly"
version = "0.8.4"
source = "registry+https://github.com/rust-lang/crates.io-index"
checksum = "b7174c07682d8c13cded3fcdf54d9c1d09249b4e821f26e4ab7a60eb39e9783d"
dependencies = [
 "askama",
 "dyn-clone",
 "erased-serde",
 "once_cell",
 "plotly_derive",
 "plotly_kaleido",
 "rand",
 "serde",
 "serde_json",
 "serde_repr",
 "serde_with",
]

[[package]]
name = "plotly_derive"
version = "0.8.4"
source = "registry+https://github.com/rust-lang/crates.io-index"
checksum = "b2fcc11cdbc83c1a49ed868156cc485037e01c612b03128ce98519e5662ede63"
dependencies = [
 "darling 0.14.4",
 "proc-macro2",
 "quote",
 "syn 1.0.109",
]

[[package]]
name = "plotly_kaleido"
version = "0.8.4"
source = "registry+https://github.com/rust-lang/crates.io-index"
checksum = "40b8d0cd0d7884dbfe9d986d5c2e372dec74db6ffe825666f72fd91017ff685c"
dependencies = [
 "base64",
 "directories",
 "dunce",
 "serde",
 "serde_json",
 "zip",
]

[[package]]
name = "portable-atomic"
version = "1.6.0"
source = "registry+https://github.com/rust-lang/crates.io-index"
checksum = "7170ef9988bc169ba16dd36a7fa041e5c4cbeb6a35b76d4c03daded371eae7c0"

[[package]]
name = "ppv-lite86"
version = "0.2.17"
source = "registry+https://github.com/rust-lang/crates.io-index"
checksum = "5b40af805b3121feab8a3c29f04d8ad262fa8e0561883e7653e024ae4479e6de"

[[package]]
name = "proc-macro2"
version = "1.0.89"
source = "registry+https://github.com/rust-lang/crates.io-index"
checksum = "f139b0662de085916d1fb67d2b4169d1addddda1919e696f3252b740b629986e"
dependencies = [
 "unicode-ident",
]

[[package]]
name = "quote"
version = "1.0.36"
source = "registry+https://github.com/rust-lang/crates.io-index"
checksum = "0fa76aaf39101c457836aec0ce2316dbdc3ab723cdda1c6bd4e6ad4208acaca7"
dependencies = [
 "proc-macro2",
]

[[package]]
name = "rand"
version = "0.8.5"
source = "registry+https://github.com/rust-lang/crates.io-index"
checksum = "34af8d1a0e25924bc5b7c43c079c942339d8f0a8b57c39049bef581b46327404"
dependencies = [
 "libc",
 "rand_chacha",
 "rand_core",
]

[[package]]
name = "rand_chacha"
version = "0.3.1"
source = "registry+https://github.com/rust-lang/crates.io-index"
checksum = "e6c10a63a0fa32252be49d21e7709d4d4baf8d231c2dbce1eaa8141b9b127d88"
dependencies = [
 "ppv-lite86",
 "rand_core",
]

[[package]]
name = "rand_core"
version = "0.6.4"
source = "registry+https://github.com/rust-lang/crates.io-index"
checksum = "ec0be4795e2f6a28069bec0b5ff3e2ac9bafc99e6a9a7dc3547996c5c816922c"
dependencies = [
 "getrandom",
]

[[package]]
name = "rayon"
version = "1.10.0"
source = "registry+https://github.com/rust-lang/crates.io-index"
checksum = "b418a60154510ca1a002a752ca9714984e21e4241e804d32555251faf8b78ffa"
dependencies = [
 "either",
 "rayon-core",
]

[[package]]
name = "rayon-core"
version = "1.12.1"
source = "registry+https://github.com/rust-lang/crates.io-index"
checksum = "1465873a3dfdaa8ae7cb14b4383657caab0b3e8a0aa9ae8e04b044854c8dfce2"
dependencies = [
 "crossbeam-deque",
 "crossbeam-utils",
]

[[package]]
name = "redox_users"
version = "0.4.5"
source = "registry+https://github.com/rust-lang/crates.io-index"
checksum = "bd283d9651eeda4b2a83a43c1c91b266c40fd76ecd39a50a8c630ae69dc72891"
dependencies = [
 "getrandom",
 "libredox",
 "thiserror",
]

[[package]]
name = "regex"
version = "1.11.1"
source = "registry+https://github.com/rust-lang/crates.io-index"
checksum = "b544ef1b4eac5dc2db33ea63606ae9ffcfac26c1416a2806ae0bf5f56b201191"
dependencies = [
 "aho-corasick",
 "memchr",
 "regex-automata",
 "regex-syntax",
]

[[package]]
name = "regex-automata"
version = "0.4.8"
source = "registry+https://github.com/rust-lang/crates.io-index"
checksum = "368758f23274712b504848e9d5a6f010445cc8b87a7cdb4d7cbee666c1288da3"
dependencies = [
 "aho-corasick",
 "memchr",
 "regex-syntax",
]

[[package]]
name = "regex-syntax"
version = "0.8.5"
source = "registry+https://github.com/rust-lang/crates.io-index"
checksum = "2b15c43186be67a4fd63bee50d0303afffcef381492ebe2c5d87f324e1b8815c"

[[package]]
name = "ryu"
version = "1.0.15"
source = "registry+https://github.com/rust-lang/crates.io-index"
checksum = "1ad4cc8da4ef723ed60bced201181d83791ad433213d8c24efffda1eec85d741"

[[package]]
name = "scopeguard"
version = "1.2.0"
source = "registry+https://github.com/rust-lang/crates.io-index"
checksum = "94143f37725109f92c262ed2cf5e59bce7498c01bcc1502d7b9afe439a4e9f49"

[[package]]
name = "serde"
version = "1.0.217"
source = "registry+https://github.com/rust-lang/crates.io-index"
checksum = "02fc4265df13d6fa1d00ecff087228cc0a2b5f3c0e87e258d8b94a156e984c70"
dependencies = [
 "serde_derive",
]

[[package]]
name = "serde_derive"
version = "1.0.217"
source = "registry+https://github.com/rust-lang/crates.io-index"
checksum = "5a9bf7cf98d04a2b28aead066b7496853d4779c9cc183c440dbac457641e19a0"
dependencies = [
 "proc-macro2",
 "quote",
 "syn 2.0.87",
]

[[package]]
name = "serde_json"
version = "1.0.134"
source = "registry+https://github.com/rust-lang/crates.io-index"
checksum = "d00f4175c42ee48b15416f6193a959ba3a0d67fc699a0db9ad12df9f83991c7d"
dependencies = [
 "itoa",
 "memchr",
 "ryu",
 "serde",
]

[[package]]
name = "serde_repr"
version = "0.1.16"
source = "registry+https://github.com/rust-lang/crates.io-index"
checksum = "8725e1dfadb3a50f7e5ce0b1a540466f6ed3fe7a0fca2ac2b8b831d31316bd00"
dependencies = [
 "proc-macro2",
 "quote",
 "syn 2.0.87",
]

[[package]]
name = "serde_with"
version = "2.3.3"
source = "registry+https://github.com/rust-lang/crates.io-index"
checksum = "07ff71d2c147a7b57362cead5e22f772cd52f6ab31cfcd9edcd7f6aeb2a0afbe"
dependencies = [
 "base64",
 "chrono",
 "hex",
 "indexmap",
 "serde",
 "serde_json",
 "serde_with_macros",
 "time 0.3.29",
]

[[package]]
name = "serde_with_macros"
version = "2.3.3"
source = "registry+https://github.com/rust-lang/crates.io-index"
checksum = "881b6f881b17d13214e5d494c939ebab463d01264ce1811e9d4ac3a882e7695f"
dependencies = [
 "darling 0.20.3",
 "proc-macro2",
 "quote",
 "syn 2.0.87",
]

[[package]]
name = "strsim"
version = "0.10.0"
source = "registry+https://github.com/rust-lang/crates.io-index"
checksum = "73473c0e59e6d5812c5dfe2a064a6444949f089e20eec9a2e5506596494e4623"

[[package]]
name = "syn"
version = "1.0.109"
source = "registry+https://github.com/rust-lang/crates.io-index"
checksum = "72b64191b275b66ffe2469e8af2c1cfe3bafa67b529ead792a6d0160888b4237"
dependencies = [
 "proc-macro2",
 "quote",
 "unicode-ident",
]

[[package]]
name = "syn"
version = "2.0.87"
source = "registry+https://github.com/rust-lang/crates.io-index"
checksum = "25aa4ce346d03a6dcd68dd8b4010bcb74e54e62c90c573f394c46eae99aba32d"
dependencies = [
 "proc-macro2",
 "quote",
 "unicode-ident",
]

[[package]]
name = "thiserror"
version = "1.0.55"
source = "registry+https://github.com/rust-lang/crates.io-index"
checksum = "6e3de26b0965292219b4287ff031fcba86837900fe9cd2b34ea8ad893c0953d2"
dependencies = [
 "thiserror-impl",
]

[[package]]
name = "thiserror-impl"
version = "1.0.55"
source = "registry+https://github.com/rust-lang/crates.io-index"
checksum = "268026685b2be38d7103e9e507c938a1fcb3d7e6eb15e87870b617bf37b6d581"
dependencies = [
 "proc-macro2",
 "quote",
 "syn 2.0.87",
]

[[package]]
name = "time"
version = "0.1.45"
source = "registry+https://github.com/rust-lang/crates.io-index"
checksum = "1b797afad3f312d1c66a56d11d0316f916356d11bd158fbc6ca6389ff6bf805a"
dependencies = [
 "libc",
 "wasi 0.10.0+wasi-snapshot-preview1",
 "winapi",
]

[[package]]
name = "time"
version = "0.3.29"
source = "registry+https://github.com/rust-lang/crates.io-index"
checksum = "426f806f4089c493dcac0d24c29c01e2c38baf8e30f1b716ee37e83d200b18fe"
dependencies = [
 "deranged",
 "itoa",
 "serde",
 "time-core",
 "time-macros",
]

[[package]]
name = "time-core"
version = "0.1.2"
source = "registry+https://github.com/rust-lang/crates.io-index"
checksum = "ef927ca75afb808a4d64dd374f00a2adf8d0fcff8e7b184af886c3c87ec4a3f3"

[[package]]
name = "time-macros"
version = "0.2.15"
source = "registry+https://github.com/rust-lang/crates.io-index"
checksum = "4ad70d68dba9e1f8aceda7aa6711965dfec1cac869f311a51bd08b3a2ccbce20"
dependencies = [
 "time-core",
]

[[package]]
name = "unicase"
version = "2.7.0"
source = "registry+https://github.com/rust-lang/crates.io-index"
checksum = "f7d2d4dafb69621809a81864c9c1b864479e1235c0dd4e199924b9742439ed89"
dependencies = [
 "version_check",
]

[[package]]
name = "unicode-ident"
version = "1.0.12"
source = "registry+https://github.com/rust-lang/crates.io-index"
checksum = "3354b9ac3fae1ff6755cb6db53683adb661634f67557942dea4facebec0fee4b"

[[package]]
name = "unicode-width"
version = "0.1.11"
source = "registry+https://github.com/rust-lang/crates.io-index"
checksum = "e51733f11c9c4f72aa0c160008246859e340b00807569a0da0e7a1079b27ba85"

[[package]]
name = "unicode-width"
version = "0.2.0"
source = "registry+https://github.com/rust-lang/crates.io-index"
checksum = "1fc81956842c57dac11422a97c3b8195a1ff727f06e85c84ed2e8aa277c9a0fd"

[[package]]
name = "utf8parse"
version = "0.2.1"
source = "registry+https://github.com/rust-lang/crates.io-index"
checksum = "711b9620af191e0cdc7468a8d14e709c3dcdb115b36f838e601583af800a370a"

[[package]]
name = "version_check"
version = "0.9.4"
source = "registry+https://github.com/rust-lang/crates.io-index"
checksum = "49874b5167b65d7193b8aba1567f5c7d93d001cafc34600cee003eda787e483f"

[[package]]
name = "wasi"
version = "0.10.0+wasi-snapshot-preview1"
source = "registry+https://github.com/rust-lang/crates.io-index"
checksum = "1a143597ca7c7793eff794def352d41792a93c481eb1042423ff7ff72ba2c31f"

[[package]]
name = "wasi"
version = "0.11.0+wasi-snapshot-preview1"
source = "registry+https://github.com/rust-lang/crates.io-index"
checksum = "9c8d87e72b64a3b4db28d11ce29237c246188f4f51057d65a7eab63b7987e423"

[[package]]
name = "wasm-bindgen"
version = "0.2.87"
source = "registry+https://github.com/rust-lang/crates.io-index"
checksum = "7706a72ab36d8cb1f80ffbf0e071533974a60d0a308d01a5d0375bf60499a342"
dependencies = [
 "cfg-if",
 "wasm-bindgen-macro",
]

[[package]]
name = "wasm-bindgen-backend"
version = "0.2.87"
source = "registry+https://github.com/rust-lang/crates.io-index"
checksum = "5ef2b6d3c510e9625e5fe6f509ab07d66a760f0885d858736483c32ed7809abd"
dependencies = [
 "bumpalo",
 "log",
 "once_cell",
 "proc-macro2",
 "quote",
 "syn 2.0.87",
 "wasm-bindgen-shared",
]

[[package]]
name = "wasm-bindgen-macro"
version = "0.2.87"
source = "registry+https://github.com/rust-lang/crates.io-index"
checksum = "dee495e55982a3bd48105a7b947fd2a9b4a8ae3010041b9e0faab3f9cd028f1d"
dependencies = [
 "quote",
 "wasm-bindgen-macro-support",
]

[[package]]
name = "wasm-bindgen-macro-support"
version = "0.2.87"
source = "registry+https://github.com/rust-lang/crates.io-index"
checksum = "54681b18a46765f095758388f2d0cf16eb8d4169b639ab575a8f5693af210c7b"
dependencies = [
 "proc-macro2",
 "quote",
 "syn 2.0.87",
 "wasm-bindgen-backend",
 "wasm-bindgen-shared",
]

[[package]]
name = "wasm-bindgen-shared"
version = "0.2.87"
source = "registry+https://github.com/rust-lang/crates.io-index"
checksum = "ca6ad05a4870b2bf5fe995117d3728437bd27d7cd5f06f13c17443ef369775a1"

[[package]]
name = "web-time"
version = "1.1.0"
source = "registry+https://github.com/rust-lang/crates.io-index"
checksum = "5a6580f308b1fad9207618087a65c04e7a10bc77e02c8e84e9b00dd4b12fa0bb"
dependencies = [
 "js-sys",
 "wasm-bindgen",
]

[[package]]
name = "winapi"
version = "0.3.9"
source = "registry+https://github.com/rust-lang/crates.io-index"
checksum = "5c839a674fcd7a98952e593242ea400abe93992746761e38641405d28b00f419"
dependencies = [
 "winapi-i686-pc-windows-gnu",
 "winapi-x86_64-pc-windows-gnu",
]

[[package]]
name = "winapi-i686-pc-windows-gnu"
version = "0.4.0"
source = "registry+https://github.com/rust-lang/crates.io-index"
checksum = "ac3b87c63620426dd9b991e5ce0329eff545bccbbb34f3be09ff6fb6ab51b7b6"

[[package]]
name = "winapi-x86_64-pc-windows-gnu"
version = "0.4.0"
source = "registry+https://github.com/rust-lang/crates.io-index"
checksum = "712e227841d057c1ee1cd2fb22fa7e5a5461ae8e48fa2ca79ec42cfc1931183f"

[[package]]
name = "windows"
version = "0.48.0"
source = "registry+https://github.com/rust-lang/crates.io-index"
checksum = "e686886bc078bc1b0b600cac0147aadb815089b6e4da64016cbd754b6342700f"
dependencies = [
 "windows-targets 0.48.5",
]

[[package]]
name = "windows-sys"
version = "0.48.0"
source = "registry+https://github.com/rust-lang/crates.io-index"
checksum = "677d2418bec65e3338edb076e806bc1ec15693c5d0104683f2efe857f61056a9"
dependencies = [
 "windows-targets 0.48.5",
]

[[package]]
name = "windows-sys"
version = "0.52.0"
source = "registry+https://github.com/rust-lang/crates.io-index"
checksum = "282be5f36a8ce781fad8c8ae18fa3f9beff57ec1b52cb3de0789201425d9a33d"
dependencies = [
 "windows-targets 0.52.6",
]

[[package]]
name = "windows-sys"
version = "0.59.0"
source = "registry+https://github.com/rust-lang/crates.io-index"
checksum = "1e38bc4d79ed67fd075bcc251a1c39b32a1776bbe92e5bef1f0bf1f8c531853b"
dependencies = [
 "windows-targets 0.52.6",
]

[[package]]
name = "windows-targets"
version = "0.48.5"
source = "registry+https://github.com/rust-lang/crates.io-index"
checksum = "9a2fa6e2155d7247be68c096456083145c183cbbbc2764150dda45a87197940c"
dependencies = [
 "windows_aarch64_gnullvm 0.48.5",
 "windows_aarch64_msvc 0.48.5",
 "windows_i686_gnu 0.48.5",
 "windows_i686_msvc 0.48.5",
 "windows_x86_64_gnu 0.48.5",
 "windows_x86_64_gnullvm 0.48.5",
 "windows_x86_64_msvc 0.48.5",
]

[[package]]
name = "windows-targets"
version = "0.52.6"
source = "registry+https://github.com/rust-lang/crates.io-index"
checksum = "9b724f72796e036ab90c1021d4780d4d3d648aca59e491e6b98e725b84e99973"
dependencies = [
 "windows_aarch64_gnullvm 0.52.6",
 "windows_aarch64_msvc 0.52.6",
 "windows_i686_gnu 0.52.6",
 "windows_i686_gnullvm",
 "windows_i686_msvc 0.52.6",
 "windows_x86_64_gnu 0.52.6",
 "windows_x86_64_gnullvm 0.52.6",
 "windows_x86_64_msvc 0.52.6",
]

[[package]]
name = "windows_aarch64_gnullvm"
version = "0.48.5"
source = "registry+https://github.com/rust-lang/crates.io-index"
checksum = "2b38e32f0abccf9987a4e3079dfb67dcd799fb61361e53e2882c3cbaf0d905d8"

[[package]]
name = "windows_aarch64_gnullvm"
version = "0.52.6"
source = "registry+https://github.com/rust-lang/crates.io-index"
checksum = "32a4622180e7a0ec044bb555404c800bc9fd9ec262ec147edd5989ccd0c02cd3"

[[package]]
name = "windows_aarch64_msvc"
version = "0.48.5"
source = "registry+https://github.com/rust-lang/crates.io-index"
checksum = "dc35310971f3b2dbbf3f0690a219f40e2d9afcf64f9ab7cc1be722937c26b4bc"

[[package]]
name = "windows_aarch64_msvc"
version = "0.52.6"
source = "registry+https://github.com/rust-lang/crates.io-index"
checksum = "09ec2a7bb152e2252b53fa7803150007879548bc709c039df7627cabbd05d469"

[[package]]
name = "windows_i686_gnu"
version = "0.48.5"
source = "registry+https://github.com/rust-lang/crates.io-index"
checksum = "a75915e7def60c94dcef72200b9a8e58e5091744960da64ec734a6c6e9b3743e"

[[package]]
name = "windows_i686_gnu"
version = "0.52.6"
source = "registry+https://github.com/rust-lang/crates.io-index"
checksum = "8e9b5ad5ab802e97eb8e295ac6720e509ee4c243f69d781394014ebfe8bbfa0b"

[[package]]
name = "windows_i686_gnullvm"
version = "0.52.6"
source = "registry+https://github.com/rust-lang/crates.io-index"
checksum = "0eee52d38c090b3caa76c563b86c3a4bd71ef1a819287c19d586d7334ae8ed66"

[[package]]
name = "windows_i686_msvc"
version = "0.48.5"
source = "registry+https://github.com/rust-lang/crates.io-index"
checksum = "8f55c233f70c4b27f66c523580f78f1004e8b5a8b659e05a4eb49d4166cca406"

[[package]]
name = "windows_i686_msvc"
version = "0.52.6"
source = "registry+https://github.com/rust-lang/crates.io-index"
checksum = "240948bc05c5e7c6dabba28bf89d89ffce3e303022809e73deaefe4f6ec56c66"

[[package]]
name = "windows_x86_64_gnu"
version = "0.48.5"
source = "registry+https://github.com/rust-lang/crates.io-index"
checksum = "53d40abd2583d23e4718fddf1ebec84dbff8381c07cae67ff7768bbf19c6718e"

[[package]]
name = "windows_x86_64_gnu"
version = "0.52.6"
source = "registry+https://github.com/rust-lang/crates.io-index"
checksum = "147a5c80aabfbf0c7d901cb5895d1de30ef2907eb21fbbab29ca94c5b08b1a78"

[[package]]
name = "windows_x86_64_gnullvm"
version = "0.48.5"
source = "registry+https://github.com/rust-lang/crates.io-index"
checksum = "0b7b52767868a23d5bab768e390dc5f5c55825b6d30b86c844ff2dc7414044cc"

[[package]]
name = "windows_x86_64_gnullvm"
version = "0.52.6"
source = "registry+https://github.com/rust-lang/crates.io-index"
checksum = "24d5b23dc417412679681396f2b49f3de8c1473deb516bd34410872eff51ed0d"

[[package]]
name = "windows_x86_64_msvc"
version = "0.48.5"
source = "registry+https://github.com/rust-lang/crates.io-index"
checksum = "ed94fce61571a4006852b7389a063ab983c02eb1bb37b47f8272ce92d06d9538"

[[package]]
name = "windows_x86_64_msvc"
version = "0.52.6"
source = "registry+https://github.com/rust-lang/crates.io-index"
checksum = "589f6da84c646204747d1270a2a5661ea66ed1cced2631d546fdfb155959f9ec"

[[package]]
name = "zip"
version = "0.5.13"
source = "registry+https://github.com/rust-lang/crates.io-index"
checksum = "93ab48844d61251bb3835145c521d88aa4031d7139e8485990f60ca911fa0815"
dependencies = [
 "byteorder",
 "bzip2",
 "crc32fast",
 "flate2",
 "thiserror",
 "time 0.1.45",
]
